
Microsoft Visual Studio Solution File, Format Version 12.00
# Visual Studio Version 17
VisualStudioVersion = 17.0.32002.185
MinimumVisualStudioVersion = 10.0.40219.1
Project("{FAE04EC0-301F-11D3-BF4B-00C04F79EFBC}") = "ConsoleApp1", "ConsoleApp1\ConsoleApp1.csproj", "{EE880589-7AAC-40B8-B3E9-721DD974BA9C}"
EndProject
Project("{2150E333-8FDC-42A3-9474-1A3956D46DE8}") = "Solution Items", "Solution Items", "{51B396E5-7B80-4AE9-B35A-DC3669732E4E}"
	ProjectSection(SolutionItems) = preProject
		.editorconfig = .editorconfig
	EndProjectSection
EndProject
Global
	GlobalSection(SolutionConfigurationPlatforms) = preSolution
		Debug|Any CPU = Debug|Any CPU
		Release|Any CPU = Release|Any CPU
	EndGlobalSection
	GlobalSection(ProjectConfigurationPlatforms) = postSolution
		{EE880589-7AAC-40B8-B3E9-721DD974BA9C}.Debug|Any CPU.ActiveCfg = Debug|Any CPU
		{EE880589-7AAC-40B8-B3E9-721DD974BA9C}.Debug|Any CPU.Build.0 = Debug|Any CPU
		{EE880589-7AAC-40B8-B3E9-721DD974BA9C}.Release|Any CPU.ActiveCfg = Release|Any CPU
		{EE880589-7AAC-40B8-B3E9-721DD974BA9C}.Release|Any CPU.Build.0 = Release|Any CPU
	EndGlobalSection
	GlobalSection(SolutionProperties) = preSolution
		HideSolutionNode = FALSE
	EndGlobalSection
	GlobalSection(ExtensibilityGlobals) = postSolution
		SolutionGuid = {0D77009B-82DD-4335-9580-6B67B138B58B}
	EndGlobalSection
EndGlobal
